
Microsoft Visual Studio Solution File, Format Version 12.00
# Visual Studio Version 17
VisualStudioVersion = 17.6.33829.357
MinimumVisualStudioVersion = 10.0.40219.1
Project("{9A19103F-16F7-4668-BE54-9A1E7A4F7556}") = "DiscoCartUtil", "DiscoCartUtil\DiscoCartUtil.csproj", "{375BDFE8-B4F9-4D90-B733-7FACC88A225E}"
EndProject
Global
	GlobalSection(SolutionConfigurationPlatforms) = preSolution
		Debug|Any CPU = Debug|Any CPU
		Release|Any CPU = Release|Any CPU
	EndGlobalSection
	GlobalSection(ProjectConfigurationPlatforms) = postSolution
		{375BDFE8-B4F9-4D90-B733-7FACC88A225E}.Debug|Any CPU.ActiveCfg = Debug|Any CPU
		{375BDFE8-B4F9-4D90-B733-7FACC88A225E}.Debug|Any CPU.Build.0 = Debug|Any CPU
		{375BDFE8-B4F9-4D90-B733-7FACC88A225E}.Release|Any CPU.ActiveCfg = Release|Any CPU
		{375BDFE8-B4F9-4D90-B733-7FACC88A225E}.Release|Any CPU.Build.0 = Release|Any CPU
	EndGlobalSection
	GlobalSection(SolutionProperties) = preSolution
		HideSolutionNode = FALSE
	EndGlobalSection
	GlobalSection(ExtensibilityGlobals) = postSolution
		SolutionGuid = {F8B3434D-D771-46CE-B87B-147EECC527D7}
	EndGlobalSection
EndGlobal
